
Microsoft Visual Studio Solution File, Format Version 12.00
# Visual Studio Version 16
VisualStudioVersion = 16.0.30128.74
MinimumVisualStudioVersion = 10.0.40219.1
Project("{9A19103F-16F7-4668-BE54-9A1E7A4F7556}") = "BlazorGmail", "BlazorGmail\BlazorGmail.csproj", "{1D937999-2F30-4BB8-A812-AF3D22383366}"
EndProject
Project("{FAE04EC0-301F-11D3-BF4B-00C04F79EFBC}") = "BlazorExcel", "BlazorExcel\BlazorExcel.csproj", "{616C3AD7-4D6A-4F33-A5C7-EC4A31C47D1D}"
EndProject
Global
	GlobalSection(SolutionConfigurationPlatforms) = preSolution
		Debug|Any CPU = Debug|Any CPU
		Release|Any CPU = Release|Any CPU
	EndGlobalSection
	GlobalSection(ProjectConfigurationPlatforms) = postSolution
		{1D937999-2F30-4BB8-A812-AF3D22383366}.Debug|Any CPU.ActiveCfg = Debug|Any CPU
		{1D937999-2F30-4BB8-A812-AF3D22383366}.Debug|Any CPU.Build.0 = Debug|Any CPU
		{1D937999-2F30-4BB8-A812-AF3D22383366}.Release|Any CPU.ActiveCfg = Release|Any CPU
		{1D937999-2F30-4BB8-A812-AF3D22383366}.Release|Any CPU.Build.0 = Release|Any CPU
		{616C3AD7-4D6A-4F33-A5C7-EC4A31C47D1D}.Debug|Any CPU.ActiveCfg = Debug|Any CPU
		{616C3AD7-4D6A-4F33-A5C7-EC4A31C47D1D}.Debug|Any CPU.Build.0 = Debug|Any CPU
		{616C3AD7-4D6A-4F33-A5C7-EC4A31C47D1D}.Release|Any CPU.ActiveCfg = Release|Any CPU
		{616C3AD7-4D6A-4F33-A5C7-EC4A31C47D1D}.Release|Any CPU.Build.0 = Release|Any CPU
	EndGlobalSection
	GlobalSection(SolutionProperties) = preSolution
		HideSolutionNode = FALSE
	EndGlobalSection
	GlobalSection(ExtensibilityGlobals) = postSolution
		SolutionGuid = {2DACA91A-E4C6-4614-9602-6F4CF42D5C4A}
	EndGlobalSection
EndGlobal
